
Microsoft Visual Studio Solution File, Format Version 12.00
# Visual Studio Version 17
VisualStudioVersion = 17.5.33516.290
MinimumVisualStudioVersion = 10.0.40219.1
Project("{FAE04EC0-301F-11D3-BF4B-00C04F79EFBC}") = "build-validation-github-workflow", "build-validation-github-workflow.csproj", "{BDC2AB05-3DB3-4313-9C61-2CAB16783BE3}"
EndProject
Global
	GlobalSection(SolutionConfigurationPlatforms) = preSolution
		Debug|Any CPU = Debug|Any CPU
		Release|Any CPU = Release|Any CPU
	EndGlobalSection
	GlobalSection(ProjectConfigurationPlatforms) = postSolution
		{BDC2AB05-3DB3-4313-9C61-2CAB16783BE3}.Debug|Any CPU.ActiveCfg = Debug|Any CPU
		{BDC2AB05-3DB3-4313-9C61-2CAB16783BE3}.Debug|Any CPU.Build.0 = Debug|Any CPU
		{BDC2AB05-3DB3-4313-9C61-2CAB16783BE3}.Release|Any CPU.ActiveCfg = Release|Any CPU
		{BDC2AB05-3DB3-4313-9C61-2CAB16783BE3}.Release|Any CPU.Build.0 = Release|Any CPU
	EndGlobalSection
	GlobalSection(SolutionProperties) = preSolution
		HideSolutionNode = FALSE
	EndGlobalSection
	GlobalSection(ExtensibilityGlobals) = postSolution
		SolutionGuid = {8F6BE449-9F56-43AB-95C2-68BE9944AFD9}
	EndGlobalSection
EndGlobal
